
Microsoft Visual Studio Solution File, Format Version 12.00
# Visual Studio 15
VisualStudioVersion = 15.0.28010.2050
MinimumVisualStudioVersion = 10.0.40219.1
Project("{FAE04EC0-301F-11D3-BF4B-00C04F79EFBC}") = "ProGetNuGetPruner", "ProGetNuGetPruner\ProGetNuGetPruner.csproj", "{940551E4-FAE9-4AD5-81AE-E1F2A25C01E4}"
EndProject
Global
	GlobalSection(SolutionConfigurationPlatforms) = preSolution
		Debug|Any CPU = Debug|Any CPU
		Release|Any CPU = Release|Any CPU
	EndGlobalSection
	GlobalSection(ProjectConfigurationPlatforms) = postSolution
		{940551E4-FAE9-4AD5-81AE-E1F2A25C01E4}.Debug|Any CPU.ActiveCfg = Debug|Any CPU
		{940551E4-FAE9-4AD5-81AE-E1F2A25C01E4}.Debug|Any CPU.Build.0 = Debug|Any CPU
		{940551E4-FAE9-4AD5-81AE-E1F2A25C01E4}.Release|Any CPU.ActiveCfg = Release|Any CPU
		{940551E4-FAE9-4AD5-81AE-E1F2A25C01E4}.Release|Any CPU.Build.0 = Release|Any CPU
	EndGlobalSection
	GlobalSection(SolutionProperties) = preSolution
		HideSolutionNode = FALSE
	EndGlobalSection
	GlobalSection(ExtensibilityGlobals) = postSolution
		SolutionGuid = {F6504098-AF66-4622-AE45-6729690F09D7}
	EndGlobalSection
EndGlobal
